
Microsoft Visual Studio Solution File, Format Version 12.00
# Visual Studio Version 16
VisualStudioVersion = 16.0.30330.147
MinimumVisualStudioVersion = 10.0.40219.1
Project("{FAE04EC0-301F-11D3-BF4B-00C04F79EFBC}") = "StudentData", "StudentData\StudentData.csproj", "{B87D9320-A70D-4D93-BDFA-E777A6659EDD}"
EndProject
Global
	GlobalSection(SolutionConfigurationPlatforms) = preSolution
		Debug|Any CPU = Debug|Any CPU
		Release|Any CPU = Release|Any CPU
	EndGlobalSection
	GlobalSection(ProjectConfigurationPlatforms) = postSolution
		{B87D9320-A70D-4D93-BDFA-E777A6659EDD}.Debug|Any CPU.ActiveCfg = Debug|Any CPU
		{B87D9320-A70D-4D93-BDFA-E777A6659EDD}.Debug|Any CPU.Build.0 = Debug|Any CPU
		{B87D9320-A70D-4D93-BDFA-E777A6659EDD}.Release|Any CPU.ActiveCfg = Release|Any CPU
		{B87D9320-A70D-4D93-BDFA-E777A6659EDD}.Release|Any CPU.Build.0 = Release|Any CPU
	EndGlobalSection
	GlobalSection(SolutionProperties) = preSolution
		HideSolutionNode = FALSE
	EndGlobalSection
	GlobalSection(ExtensibilityGlobals) = postSolution
		SolutionGuid = {8C33DED5-C048-4E55-9CCD-D908AC427AD7}
	EndGlobalSection
EndGlobal
